<?xml version="1.0" encoding="utf-8"?>
<Project ToolsVersion="4.0" xmlns="http://schemas.microsoft.com/developer/msbuild/2003">
  <ItemGroup>
    <Filter Include="Source Files">
      <UniqueIdentifier>{4FC737F1-C7A5-4376-A066-2A32D752A2FF}</UniqueIdentifier>
      <Extensions>cpp;c;cc;cxx;def;odl;idl;hpj;bat;asm;asmx</Extensions>
    </Filter>
    <Filter Include="Header Files">
      <UniqueIdentifier>{93995380-89BD-4b04-88EB-625FBE52EBFB}</UniqueIdentifier>
      <Extensions>h;hh;hpp;hxx;hm;inl;inc;xsd</Extensions>
    </Filter>
    <Filter Include="Resource Files">
      <UniqueIdentifier>{67DA6AB6-F800-4c08-8B7A-83BB121AAD01}</UniqueIdentifier>
      <Extensions>rc;ico;cur;bmp;dlg;rc2;rct;bin;rgs;gif;jpg;jpeg;jpe;resx;tiff;tif;png;wav;mfcribbon-ms</Extensions>
    </Filter>
  </ItemGroup>
  <ItemGroup>
    <Text Include="readme.txt" />
  </ItemGroup>
  <ItemGroup>
    <ClCompile Include="..\ldinterpret.c">
      <Filter>Source Files</Filter>
    </ClCompile>
    <ClCompile Include="..\ansic.cpp">
      <Filter>Source Files</Filter>
    </ClCompile>
    <ClCompile Include="..\avr.cpp">
      <Filter>Source Files</Filter>
    </ClCompile>
    <ClCompile Include="..\circuit.cpp">
      <Filter>Source Files</Filter>
    </ClCompile>
    <ClCompile Include="..\coildialog.cpp">
      <Filter>Source Files</Filter>
    </ClCompile>
    <ClCompile Include="..\commentdialog.cpp">
      <Filter>Source Files</Filter>
    </ClCompile>
    <ClCompile Include="..\compilecommon.cpp">
      <Filter>Source Files</Filter>
    </ClCompile>
    <ClCompile Include="..\confdialog.cpp">
      <Filter>Source Files</Filter>
    </ClCompile>
    <ClCompile Include="..\contactsdialog.cpp">
      <Filter>Source Files</Filter>
    </ClCompile>
    <ClCompile Include="..\draw.cpp">
      <Filter>Source Files</Filter>
    </ClCompile>
    <ClCompile Include="..\draw_outputdev.cpp">
      <Filter>Source Files</Filter>
    </ClCompile>
    <ClCompile Include="..\helpdialog.cpp">
      <Filter>Source Files</Filter>
    </ClCompile>
    <ClCompile Include="..\intcode.cpp">
      <Filter>Source Files</Filter>
    </ClCompile>
    <ClCompile Include="..\interpreted.cpp">
      <Filter>Source Files</Filter>
    </ClCompile>
    <ClCompile Include="..\iolist.cpp">
      <Filter>Source Files</Filter>
    </ClCompile>
    <ClCompile Include="..\lang.cpp">
      <Filter>Source Files</Filter>
    </ClCompile>
    <ClCompile Include="..\ldmicro.cpp">
      <Filter>Source Files</Filter>
    </ClCompile>
    <ClCompile Include="..\loadsave.cpp">
      <Filter>Source Files</Filter>
    </ClCompile>
    <ClCompile Include="..\lutdialog.cpp">
      <Filter>Source Files</Filter>
    </ClCompile>
    <ClCompile Include="..\maincontrols.cpp">
      <Filter>Source Files</Filter>
    </ClCompile>
    <ClCompile Include="..\miscutil.cpp">
      <Filter>Source Files</Filter>
    </ClCompile>
    <ClCompile Include="..\netzer.cpp">
      <Filter>Source Files</Filter>
    </ClCompile>
    <ClCompile Include="..\pic16.cpp">
      <Filter>Source Files</Filter>
    </ClCompile>
    <ClCompile Include="..\resetdialog.cpp">
      <Filter>Source Files</Filter>
    </ClCompile>
    <ClCompile Include="..\schematic.cpp">
      <Filter>Source Files</Filter>
    </ClCompile>
    <ClCompile Include="..\simpledialog.cpp">
      <Filter>Source Files</Filter>
    </ClCompile>
    <ClCompile Include="..\simulate.cpp">
      <Filter>Source Files</Filter>
    </ClCompile>
    <ClCompile Include="..\undoredo.cpp">
      <Filter>Source Files</Filter>
    </ClCompile>
    <ClCompile Include="..\ldxinterpret.c">
      <Filter>Source Files</Filter>
    </ClCompile>
    <ClCompile Include="..\xinterpreted.cpp">
      <Filter>Source Files</Filter>
    </ClCompile>
  </ItemGroup>
  <ItemGroup>
    <ClInclude Include="..\current_function.hpp">
      <Filter>Header Files</Filter>
    </ClInclude>
    <ClInclude Include="..\git_commit.h">
      <Filter>Header Files</Filter>
    </ClInclude>
    <ClInclude Include="..\intcode.h">
      <Filter>Header Files</Filter>
    </ClInclude>
    <ClInclude Include="..\ldmicro.h">
      <Filter>Header Files</Filter>
    </ClInclude>
    <ClInclude Include="..\mcutable.h">
      <Filter>Header Files</Filter>
    </ClInclude>
    <ClInclude Include="..\netzer.h">
      <Filter>Header Files</Filter>
    </ClInclude>
  </ItemGroup>
</Project>